// !$*UTF8*$!
{
	archiveVersion = 1;
	classes = {
	};
	objectVersion = 50;
	objects = {

/* Begin PBXBuildFile section */
		8C5C4F60219BB471003E4C02 /* AppDelegate.swift in Sources */ = {isa = PBXBuildFile; fileRef = 8C5C4F5F219BB471003E4C02 /* AppDelegate.swift */; };
		8C5C4F62219BB471003E4C02 /* ViewController.swift in Sources */ = {isa = PBXBuildFile; fileRef = 8C5C4F61219BB471003E4C02 /* ViewController.swift */; };
		8C5C4F65219BB471003E4C02 /* Main.storyboard in Resources */ = {isa = PBXBuildFile; fileRef = 8C5C4F63219BB471003E4C02 /* Main.storyboard */; };
		8C5C4F68219BB471003E4C02 /* Evacuate.xcdatamodeld in Sources */ = {isa = PBXBuildFile; fileRef = 8C5C4F66219BB471003E4C02 /* Evacuate.xcdatamodeld */; };
		8C5C4F6A219BB473003E4C02 /* Assets.xcassets in Resources */ = {isa = PBXBuildFile; fileRef = 8C5C4F69219BB473003E4C02 /* Assets.xcassets */; };
		8C5C4F6D219BB473003E4C02 /* LaunchScreen.storyboard in Resources */ = {isa = PBXBuildFile; fileRef = 8C5C4F6B219BB473003E4C02 /* LaunchScreen.storyboard */; };
		8C5C4F78219BB473003E4C02 /* EvacuateTests.swift in Sources */ = {isa = PBXBuildFile; fileRef = 8C5C4F77219BB473003E4C02 /* EvacuateTests.swift */; };
		8C5C4F83219BB473003E4C02 /* EvacuateUITests.swift in Sources */ = {isa = PBXBuildFile; fileRef = 8C5C4F82219BB473003E4C02 /* EvacuateUITests.swift */; };
/* End PBXBuildFile section */

/* Begin PBXContainerItemProxy section */
		8C5C4F74219BB473003E4C02 /* PBXContainerItemProxy */ = {
			isa = PBXContainerItemProxy;
			containerPortal = 8C5C4F54219BB470003E4C02 /* Project object */;
			proxyType = 1;
			remoteGlobalIDString = 8C5C4F5B219BB470003E4C02;
			remoteInfo = Evacuate;
		};
		8C5C4F7F219BB473003E4C02 /* PBXContainerItemProxy */ = {
			isa = PBXContainerItemProxy;
			containerPortal = 8C5C4F54219BB470003E4C02 /* Project object */;
			proxyType = 1;
			remoteGlobalIDString = 8C5C4F5B219BB470003E4C02;
			remoteInfo = Evacuate;
		};
/* End PBXContainerItemProxy section */

/* Begin PBXFileReference section */
		8C5C4F5C219BB471003E4C02 /* Evacuate.app */ = {isa = PBXFileReference; explicitFileType = wrapper.application; includeInIndex = 0; path = Evacuate.app; sourceTree = BUILT_PRODUCTS_DIR; };
		8C5C4F5F219BB471003E4C02 /* AppDelegate.swift */ = {isa = PBXFileReference; lastKnownFileType = sourcecode.swift; path = AppDelegate.swift; sourceTree = "<group>"; };
		8C5C4F61219BB471003E4C02 /* ViewController.swift */ = {isa = PBXFileReference; lastKnownFileType = sourcecode.swift; path = ViewController.swift; sourceTree = "<group>"; };
		8C5C4F64219BB471003E4C02 /* Base */ = {isa = PBXFileReference; lastKnownFileType = file.storyboard; name = Base; path = Base.lproj/Main.storyboard; sourceTree = "<group>"; };
		8C5C4F67219BB471003E4C02 /* Evacuate.xcdatamodel */ = {isa = PBXFileReference; lastKnownFileType = wrapper.xcdatamodel; path = Evacuate.xcdatamodel; sourceTree = "<group>"; };
		8C5C4F69219BB473003E4C02 /* Assets.xcassets */ = {isa = PBXFileReference; lastKnownFileType = folder.assetcatalog; path = Assets.xcassets; sourceTree = "<group>"; };
		8C5C4F6C219BB473003E4C02 /* Base */ = {isa = PBXFileReference; lastKnownFileType = file.storyboard; name = Base; path = Base.lproj/LaunchScreen.storyboard; sourceTree = "<group>"; };
		8C5C4F6E219BB473003E4C02 /* Info.plist */ = {isa = PBXFileReference; lastKnownFileType = text.plist.xml; path = Info.plist; sourceTree = "<group>"; };
		8C5C4F73219BB473003E4C02 /* EvacuateTests.xctest */ = {isa = PBXFileReference; explicitFileType = wrapper.cfbundle; includeInIndex = 0; path = EvacuateTests.xctest; sourceTree = BUILT_PRODUCTS_DIR; };
		8C5C4F77219BB473003E4C02 /* EvacuateTests.swift */ = {isa = PBXFileReference; lastKnownFileType = sourcecode.swift; path = EvacuateTests.swift; sourceTree = "<group>"; };
		8C5C4F79219BB473003E4C02 /* Info.plist */ = {isa = PBXFileReference; lastKnownFileType = text.plist.xml; path = Info.plist; sourceTree = "<group>"; };
		8C5C4F7E219BB473003E4C02 /* EvacuateUITests.xctest */ = {isa = PBXFileReference; explicitFileType = wrapper.cfbundle; includeInIndex = 0; path = EvacuateUITests.xctest; sourceTree = BUILT_PRODUCTS_DIR; };
		8C5C4F82219BB473003E4C02 /* EvacuateUITests.swift */ = {isa = PBXFileReference; lastKnownFileType = sourcecode.swift; path = EvacuateUITests.swift; sourceTree = "<group>"; };
		8C5C4F84219BB473003E4C02 /* Info.plist */ = {isa = PBXFileReference; lastKnownFileType = text.plist.xml; path = Info.plist; sourceTree = "<group>"; };
/* End PBXFileReference section */

/* Begin PBXFrameworksBuildPhase section */
		8C5C4F59219BB470003E4C02 /* Frameworks */ = {
			isa = PBXFrameworksBuildPhase;
			buildActionMask = 2147483647;
			files = (
			);
			runOnlyForDeploymentPostprocessing = 0;
		};
		8C5C4F70219BB473003E4C02 /* Frameworks */ = {
			isa = PBXFrameworksBuildPhase;
			buildActionMask = 2147483647;
			files = (
			);
			runOnlyForDeploymentPostprocessing = 0;
		};
		8C5C4F7B219BB473003E4C02 /* Frameworks */ = {
			isa = PBXFrameworksBuildPhase;
			buildActionMask = 2147483647;
			files = (
			);
			runOnlyForDeploymentPostprocessing = 0;
		};
/* End PBXFrameworksBuildPhase section */

/* Begin PBXGroup section */
		8C5C4F53219BB470003E4C02 = {
			isa = PBXGroup;
			children = (
				8C5C4F5E219BB471003E4C02 /* Evacuate */,
				8C5C4F76219BB473003E4C02 /* EvacuateTests */,
				8C5C4F81219BB473003E4C02 /* EvacuateUITests */,
				8C5C4F5D219BB471003E4C02 /* Products */,
			);
			sourceTree = "<group>";
		};
		8C5C4F5D219BB471003E4C02 /* Products */ = {
			isa = PBXGroup;
			children = (
				8C5C4F5C219BB471003E4C02 /* Evacuate.app */,
				8C5C4F73219BB473003E4C02 /* EvacuateTests.xctest */,
				8C5C4F7E219BB473003E4C02 /* EvacuateUITests.xctest */,
			);
			name = Products;
			sourceTree = "<group>";
		};
		8C5C4F5E219BB471003E4C02 /* Evacuate */ = {
			isa = PBXGroup;
			children = (
				8C5C4F5F219BB471003E4C02 /* AppDelegate.swift */,
				8C5C4F61219BB471003E4C02 /* ViewController.swift */,
				8C5C4F63219BB471003E4C02 /* Main.storyboard */,
				8C5C4F69219BB473003E4C02 /* Assets.xcassets */,
				8C5C4F6B219BB473003E4C02 /* LaunchScreen.storyboard */,
				8C5C4F6E219BB473003E4C02 /* Info.plist */,
				8C5C4F66219BB471003E4C02 /* Evacuate.xcdatamodeld */,
			);
			path = Evacuate;
			sourceTree = "<group>";
		};
		8C5C4F76219BB473003E4C02 /* EvacuateTests */ = {
			isa = PBXGroup;
			children = (
				8C5C4F77219BB473003E4C02 /* EvacuateTests.swift */,
				8C5C4F79219BB473003E4C02 /* Info.plist */,
			);
			path = EvacuateTests;
			sourceTree = "<group>";
		};
		8C5C4F81219BB473003E4C02 /* EvacuateUITests */ = {
			isa = PBXGroup;
			children = (
				8C5C4F82219BB473003E4C02 /* EvacuateUITests.swift */,
				8C5C4F84219BB473003E4C02 /* Info.plist */,
			);
			path = EvacuateUITests;
			sourceTree = "<group>";
		};
/* End PBXGroup section */

/* Begin PBXNativeTarget section */
		8C5C4F5B219BB470003E4C02 /* Evacuate */ = {
			isa = PBXNativeTarget;
			buildConfigurationList = 8C5C4F87219BB473003E4C02 /* Build configuration list for PBXNativeTarget "Evacuate" */;
			buildPhases = (
				8C5C4F58219BB470003E4C02 /* Sources */,
				8C5C4F59219BB470003E4C02 /* Frameworks */,
				8C5C4F5A219BB470003E4C02 /* Resources */,
			);
			buildRules = (
			);
			dependencies = (
			);
			name = Evacuate;
			productName = Evacuate;
			productReference = 8C5C4F5C219BB471003E4C02 /* Evacuate.app */;
			productType = "com.apple.product-type.application";
		};
		8C5C4F72219BB473003E4C02 /* EvacuateTests */ = {
			isa = PBXNativeTarget;
			buildConfigurationList = 8C5C4F8A219BB473003E4C02 /* Build configuration list for PBXNativeTarget "EvacuateTests" */;
			buildPhases = (
				8C5C4F6F219BB473003E4C02 /* Sources */,
				8C5C4F70219BB473003E4C02 /* Frameworks */,
				8C5C4F71219BB473003E4C02 /* Resources */,
			);
			buildRules = (
			);
			dependencies = (
				8C5C4F75219BB473003E4C02 /* PBXTargetDependency */,
			);
			name = EvacuateTests;
			productName = EvacuateTests;
			productReference = 8C5C4F73219BB473003E4C02 /* EvacuateTests.xctest */;
			productType = "com.apple.product-type.bundle.unit-test";
		};
		8C5C4F7D219BB473003E4C02 /* EvacuateUITests */ = {
			isa = PBXNativeTarget;
			buildConfigurationList = 8C5C4F8D219BB473003E4C02 /* Build configuration list for PBXNativeTarget "EvacuateUITests" */;
			buildPhases = (
				8C5C4F7A219BB473003E4C02 /* Sources */,
				8C5C4F7B219BB473003E4C02 /* Frameworks */,
				8C5C4F7C219BB473003E4C02 /* Resources */,
			);
			buildRules = (
			);
			dependencies = (
				8C5C4F80219BB473003E4C02 /* PBXTargetDependency */,
			);
			name = EvacuateUITests;
			productName = EvacuateUITests;
			productReference = 8C5C4F7E219BB473003E4C02 /* EvacuateUITests.xctest */;
			productType = "com.apple.product-type.bundle.ui-testing";
		};
/* End PBXNativeTarget section */

/* Begin PBXProject section */
		8C5C4F54219BB470003E4C02 /* Project object */ = {
			isa = PBXProject;
			attributes = {
				LastSwiftUpdateCheck = 1010;
				LastUpgradeCheck = 1010;
				ORGANIZATIONNAME = "Chris Ginac";
				TargetAttributes = {
					8C5C4F5B219BB470003E4C02 = {
						CreatedOnToolsVersion = 10.1;
					};
					8C5C4F72219BB473003E4C02 = {
						CreatedOnToolsVersion = 10.1;
						TestTargetID = 8C5C4F5B219BB470003E4C02;
					};
					8C5C4F7D219BB473003E4C02 = {
						CreatedOnToolsVersion = 10.1;
						TestTargetID = 8C5C4F5B219BB470003E4C02;
					};
				};
			};
			buildConfigurationList = 8C5C4F57219BB470003E4C02 /* Build configuration list for PBXProject "Evacuate" */;
			compatibilityVersion = "Xcode 9.3";
			developmentRegion = en;
			hasScannedForEncodings = 0;
			knownRegions = (
				en,
				Base,
			);
			mainGroup = 8C5C4F53219BB470003E4C02;
			productRefGroup = 8C5C4F5D219BB471003E4C02 /* Products */;
			projectDirPath = "";
			projectRoot = "";
			targets = (
				8C5C4F5B219BB470003E4C02 /* Evacuate */,
				8C5C4F72219BB473003E4C02 /* EvacuateTests */,
				8C5C4F7D219BB473003E4C02 /* EvacuateUITests */,
			);
		};
/* End PBXProject section */

/* Begin PBXResourcesBuildPhase section */
		8C5C4F5A219BB470003E4C02 /* Resources */ = {
			isa = PBXResourcesBuildPhase;
			buildActionMask = 2147483647;
			files = (
				8C5C4F6D219BB473003E4C02 /* LaunchScreen.storyboard in Resources */,
				8C5C4F6A219BB473003E4C02 /* Assets.xcassets in Resources */,
				8C5C4F65219BB471003E4C02 /* Main.storyboard in Resources */,
			);
			runOnlyForDeploymentPostprocessing = 0;
		};
		8C5C4F71219BB473003E4C02 /* Resources */ = {
			isa = PBXResourcesBuildPhase;
			buildActionMask = 2147483647;
			files = (
			);
			runOnlyForDeploymentPostprocessing = 0;
		};
		8C5C4F7C219BB473003E4C02 /* Resources */ = {
			isa = PBXResourcesBuildPhase;
			buildActionMask = 2147483647;
			files = (
			);
			runOnlyForDeploymentPostprocessing = 0;
		};
/* End PBXResourcesBuildPhase section */

/* Begin PBXSourcesBuildPhase section */
		8C5C4F58219BB470003E4C02 /* Sources */ = {
			isa = PBXSourcesBuildPhase;
			buildActionMask = 2147483647;
			files = (
				8C5C4F68219BB471003E4C02 /* Evacuate.xcdatamodeld in Sources */,
				8C5C4F62219BB471003E4C02 /* ViewController.swift in Sources */,
				8C5C4F60219BB471003E4C02 /* AppDelegate.swift in Sources */,
			);
			runOnlyForDeploymentPostprocessing = 0;
		};
		8C5C4F6F219BB473003E4C02 /* Sources */ = {
			isa = PBXSourcesBuildPhase;
			buildActionMask = 2147483647;
			files = (
				8C5C4F78219BB473003E4C02 /* EvacuateTests.swift in Sources */,
			);
			runOnlyForDeploymentPostprocessing = 0;
		};
		8C5C4F7A219BB473003E4C02 /* Sources */ = {
			isa = PBXSourcesBuildPhase;
			buildActionMask = 2147483647;
			files = (
				8C5C4F83219BB473003E4C02 /* EvacuateUITests.swift in Sources */,
			);
			runOnlyForDeploymentPostprocessing = 0;
		};
/* End PBXSourcesBuildPhase section */

/* Begin PBXTargetDependency section */
		8C5C4F75219BB473003E4C02 /* PBXTargetDependency */ = {
			isa = PBXTargetDependency;
			target = 8C5C4F5B219BB470003E4C02 /* Evacuate */;
			targetProxy = 8C5C4F74219BB473003E4C02 /* PBXContainerItemProxy */;
		};
		8C5C4F80219BB473003E4C02 /* PBXTargetDependency */ = {
			isa = PBXTargetDependency;
			target = 8C5C4F5B219BB470003E4C02 /* Evacuate */;
			targetProxy = 8C5C4F7F219BB473003E4C02 /* PBXContainerItemProxy */;
		};
/* End PBXTargetDependency section */

/* Begin PBXVariantGroup section */
		8C5C4F63219BB471003E4C02 /* Main.storyboard */ = {
			isa = PBXVariantGroup;
			children = (
				8C5C4F64219BB471003E4C02 /* Base */,
			);
			name = Main.storyboard;
			sourceTree = "<group>";
		};
		8C5C4F6B219BB473003E4C02 /* LaunchScreen.storyboard */ = {
			isa = PBXVariantGroup;
			children = (
				8C5C4F6C219BB473003E4C02 /* Base */,
			);
			name = LaunchScreen.storyboard;
			sourceTree = "<group>";
		};
/* End PBXVariantGroup section */

/* Begin XCBuildConfiguration section */
		8C5C4F85219BB473003E4C02 /* Debug */ = {
			isa = XCBuildConfiguration;
			buildSettings = {
				ALWAYS_SEARCH_USER_PATHS = NO;
				CLANG_ANALYZER_NONNULL = YES;
				CLANG_ANALYZER_NUMBER_OBJECT_CONVERSION = YES_AGGRESSIVE;
				CLANG_CXX_LANGUAGE_STANDARD = "gnu++14";
				CLANG_CXX_LIBRARY = "libc++";
				CLANG_ENABLE_MODULES = YES;
				CLANG_ENABLE_OBJC_ARC = YES;
				CLANG_ENABLE_OBJC_WEAK = YES;
				CLANG_WARN_BLOCK_CAPTURE_AUTORELEASING = YES;
				CLANG_WARN_BOOL_CONVERSION = YES;
				CLANG_WARN_COMMA = YES;
				CLANG_WARN_CONSTANT_CONVERSION = YES;
				CLANG_WARN_DEPRECATED_OBJC_IMPLEMENTATIONS = YES;
				CLANG_WARN_DIRECT_OBJC_ISA_USAGE = YES_ERROR;
				CLANG_WARN_DOCUMENTATION_COMMENTS = YES;
				CLANG_WARN_EMPTY_BODY = YES;
				CLANG_WARN_ENUM_CONVERSION = YES;
				CLANG_WARN_INFINITE_RECURSION = YES;
				CLANG_WARN_INT_CONVERSION = YES;
				CLANG_WARN_NON_LITERAL_NULL_CONVERSION = YES;
				CLANG_WARN_OBJC_IMPLICIT_RETAIN_SELF = YES;
				CLANG_WARN_OBJC_LITERAL_CONVERSION = YES;
				CLANG_WARN_OBJC_ROOT_CLASS = YES_ERROR;
				CLANG_WARN_RANGE_LOOP_ANALYSIS = YES;
				CLANG_WARN_STRICT_PROTOTYPES = YES;
				CLANG_WARN_SUSPICIOUS_MOVE = YES;
				CLANG_WARN_UNGUARDED_AVAILABILITY = YES_AGGRESSIVE;
				CLANG_WARN_UNREACHABLE_CODE = YES;
				CLANG_WARN__DUPLICATE_METHOD_MATCH = YES;
				CODE_SIGN_IDENTITY = "iPhone Developer";
				COPY_PHASE_STRIP = NO;
				DEBUG_INFORMATION_FORMAT = dwarf;
				ENABLE_STRICT_OBJC_MSGSEND = YES;
				ENABLE_TESTABILITY = YES;
				GCC_C_LANGUAGE_STANDARD = gnu11;
				GCC_DYNAMIC_NO_PIC = NO;
				GCC_NO_COMMON_BLOCKS = YES;
				GCC_OPTIMIZATION_LEVEL = 0;
				GCC_PREPROCESSOR_DEFINITIONS = (
					"DEBUG=1",
					"$(inherited)",
				);
				GCC_WARN_64_TO_32_BIT_CONVERSION = YES;
				GCC_WARN_ABOUT_RETURN_TYPE = YES_ERROR;
				GCC_WARN_UNDECLARED_SELECTOR = YES;
				GCC_WARN_UNINITIALIZED_AUTOS = YES_AGGRESSIVE;
				GCC_WARN_UNUSED_FUNCTION = YES;
				GCC_WARN_UNUSED_VARIABLE = YES;
				IPHONEOS_DEPLOYMENT_TARGET = 12.1;
				MTL_ENABLE_DEBUG_INFO = INCLUDE_SOURCE;
				MTL_FAST_MATH = YES;
				ONLY_ACTIVE_ARCH = YES;
				SDKROOT = iphoneos;
				SWIFT_ACTIVE_COMPILATION_CONDITIONS = DEBUG;
				SWIFT_OPTIMIZATION_LEVEL = "-Onone";
			};
			name = Debug;
		};
		8C5C4F86219BB473003E4C02 /* Release */ = {
			isa = XCBuildConfiguration;
			buildSettings = {
				ALWAYS_SEARCH_USER_PATHS = NO;
				CLANG_ANALYZER_NONNULL = YES;
				CLANG_ANALYZER_NUMBER_OBJECT_CONVERSION = YES_AGGRESSIVE;
				CLANG_CXX_LANGUAGE_STANDARD = "gnu++14";
				CLANG_CXX_LIBRARY = "libc++";
				CLANG_ENABLE_MODULES = YES;
				CLANG_ENABLE_OBJC_ARC = YES;
				CLANG_ENABLE_OBJC_WEAK = YES;
				CLANG_WARN_BLOCK_CAPTURE_AUTORELEASING = YES;
				CLANG_WARN_BOOL_CONVERSION = YES;
				CLANG_WARN_COMMA = YES;
				CLANG_WARN_CONSTANT_CONVERSION = YES;
				CLANG_WARN_DEPRECATED_OBJC_IMPLEMENTATIONS = YES;
				CLANG_WARN_DIRECT_OBJC_ISA_USAGE = YES_ERROR;
				CLANG_WARN_DOCUMENTATION_COMMENTS = YES;
				CLANG_WARN_EMPTY_BODY = YES;
				CLANG_WARN_ENUM_CONVERSION = YES;
				CLANG_WARN_INFINITE_RECURSION = YES;
				CLANG_WARN_INT_CONVERSION = YES;
				CLANG_WARN_NON_LITERAL_NULL_CONVERSION = YES;
				CLANG_WARN_OBJC_IMPLICIT_RETAIN_SELF = YES;
				CLANG_WARN_OBJC_LITERAL_CONVERSION = YES;
				CLANG_WARN_OBJC_ROOT_CLASS = YES_ERROR;
				CLANG_WARN_RANGE_LOOP_ANALYSIS = YES;
				CLANG_WARN_STRICT_PROTOTYPES = YES;
				CLANG_WARN_SUSPICIOUS_MOVE = YES;
				CLANG_WARN_UNGUARDED_AVAILABILITY = YES_AGGRESSIVE;
				CLANG_WARN_UNREACHABLE_CODE = YES;
				CLANG_WARN__DUPLICATE_METHOD_MATCH = YES;
				CODE_SIGN_IDENTITY = "iPhone Developer";
				COPY_PHASE_STRIP = NO;
				DEBUG_INFORMATION_FORMAT = "dwarf-with-dsym";
				ENABLE_NS_ASSERTIONS = NO;
				ENABLE_STRICT_OBJC_MSGSEND = YES;
				GCC_C_LANGUAGE_STANDARD = gnu11;
				GCC_NO_COMMON_BLOCKS = YES;
				GCC_WARN_64_TO_32_BIT_CONVERSION = YES;
				GCC_WARN_ABOUT_RETURN_TYPE = YES_ERROR;
				GCC_WARN_UNDECLARED_SELECTOR = YES;
				GCC_WARN_UNINITIALIZED_AUTOS = YES_AGGRESSIVE;
				GCC_WARN_UNUSED_FUNCTION = YES;
				GCC_WARN_UNUSED_VARIABLE = YES;
				IPHONEOS_DEPLOYMENT_TARGET = 12.1;
				MTL_ENABLE_DEBUG_INFO = NO;
				MTL_FAST_MATH = YES;
				SDKROOT = iphoneos;
				SWIFT_COMPILATION_MODE = wholemodule;
				SWIFT_OPTIMIZATION_LEVEL = "-O";
				VALIDATE_PRODUCT = YES;
			};
			name = Release;
		};
		8C5C4F88219BB473003E4C02 /* Debug */ = {
			isa = XCBuildConfiguration;
			buildSettings = {
				ASSETCATALOG_COMPILER_APPICON_NAME = AppIcon;
				CODE_SIGN_STYLE = Automatic;
				DEVELOPMENT_TEAM = Z47QQS76MN;
				INFOPLIST_FILE = Evacuate/Info.plist;
				LD_RUNPATH_SEARCH_PATHS = (
					"$(inherited)",
					"@executable_path/Frameworks",
				);
				PRODUCT_BUNDLE_IDENTIFIER = ginac.chris.Evacuate;
				PRODUCT_NAME = "$(TARGET_NAME)";
				SWIFT_VERSION = 4.2;
				TARGETED_DEVICE_FAMILY = "1,2";
			};
			name = Debug;
		};
		8C5C4F89219BB473003E4C02 /* Release */ = {
			isa = XCBuildConfiguration;
			buildSettings = {
				ASSETCATALOG_COMPILER_APPICON_NAME = AppIcon;
				CODE_SIGN_STYLE = Automatic;
				DEVELOPMENT_TEAM = Z47QQS76MN;
				INFOPLIST_FILE = Evacuate/Info.plist;
				LD_RUNPATH_SEARCH_PATHS = (
					"$(inherited)",
					"@executable_path/Frameworks",
				);
				PRODUCT_BUNDLE_IDENTIFIER = ginac.chris.Evacuate;
				PRODUCT_NAME = "$(TARGET_NAME)";
				SWIFT_VERSION = 4.2;
				TARGETED_DEVICE_FAMILY = "1,2";
			};
			name = Release;
		};
		8C5C4F8B219BB473003E4C02 /* Debug */ = {
			isa = XCBuildConfiguration;
			buildSettings = {
				ALWAYS_EMBED_SWIFT_STANDARD_LIBRARIES = YES;
				BUNDLE_LOADER = "$(TEST_HOST)";
				CODE_SIGN_STYLE = Automatic;
				DEVELOPMENT_TEAM = Z47QQS76MN;
				INFOPLIST_FILE = EvacuateTests/Info.plist;
				LD_RUNPATH_SEARCH_PATHS = (
					"$(inherited)",
					"@executable_path/Frameworks",
					"@loader_path/Frameworks",
				);
				PRODUCT_BUNDLE_IDENTIFIER = ginac.chris.EvacuateTests;
				PRODUCT_NAME = "$(TARGET_NAME)";
				SWIFT_VERSION = 4.2;
				TARGETED_DEVICE_FAMILY = "1,2";
				TEST_HOST = "$(BUILT_PRODUCTS_DIR)/Evacuate.app/Evacuate";
			};
			name = Debug;
		};
		8C5C4F8C219BB473003E4C02 /* Release */ = {
			isa = XCBuildConfiguration;
			buildSettings = {
				ALWAYS_EMBED_SWIFT_STANDARD_LIBRARIES = YES;
				BUNDLE_LOADER = "$(TEST_HOST)";
				CODE_SIGN_STYLE = Automatic;
				DEVELOPMENT_TEAM = Z47QQS76MN;
				INFOPLIST_FILE = EvacuateTests/Info.plist;
				LD_RUNPATH_SEARCH_PATHS = (
					"$(inherited)",
					"@executable_path/Frameworks",
					"@loader_path/Frameworks",
				);
				PRODUCT_BUNDLE_IDENTIFIER = ginac.chris.EvacuateTests;
				PRODUCT_NAME = "$(TARGET_NAME)";
				SWIFT_VERSION = 4.2;
				TARGETED_DEVICE_FAMILY = "1,2";
				TEST_HOST = "$(BUILT_PRODUCTS_DIR)/Evacuate.app/Evacuate";
			};
			name = Release;
		};
		8C5C4F8E219BB473003E4C02 /* Debug */ = {
			isa = XCBuildConfiguration;
			buildSettings = {
				ALWAYS_EMBED_SWIFT_STANDARD_LIBRARIES = YES;
				CODE_SIGN_STYLE = Automatic;
				DEVELOPMENT_TEAM = Z47QQS76MN;
				INFOPLIST_FILE = EvacuateUITests/Info.plist;
				LD_RUNPATH_SEARCH_PATHS = (
					"$(inherited)",
					"@executable_path/Frameworks",
					"@loader_path/Frameworks",
				);
				PRODUCT_BUNDLE_IDENTIFIER = ginac.chris.EvacuateUITests;
				PRODUCT_NAME = "$(TARGET_NAME)";
				SWIFT_VERSION = 4.2;
				TARGETED_DEVICE_FAMILY = "1,2";
				TEST_TARGET_NAME = Evacuate;
			};
			name = Debug;
		};
		8C5C4F8F219BB473003E4C02 /* Release */ = {
			isa = XCBuildConfiguration;
			buildSettings = {
				ALWAYS_EMBED_SWIFT_STANDARD_LIBRARIES = YES;
				CODE_SIGN_STYLE = Automatic;
				DEVELOPMENT_TEAM = Z47QQS76MN;
				INFOPLIST_FILE = EvacuateUITests/Info.plist;
				LD_RUNPATH_SEARCH_PATHS = (
					"$(inherited)",
					"@executable_path/Frameworks",
					"@loader_path/Frameworks",
				);
				PRODUCT_BUNDLE_IDENTIFIER = ginac.chris.EvacuateUITests;
				PRODUCT_NAME = "$(TARGET_NAME)";
				SWIFT_VERSION = 4.2;
				TARGETED_DEVICE_FAMILY = "1,2";
				TEST_TARGET_NAME = Evacuate;
			};
			name = Release;
		};
/* End XCBuildConfiguration section */

/* Begin XCConfigurationList section */
		8C5C4F57219BB470003E4C02 /* Build configuration list for PBXProject "Evacuate" */ = {
			isa = XCConfigurationList;
			buildConfigurations = (
				8C5C4F85219BB473003E4C02 /* Debug */,
				8C5C4F86219BB473003E4C02 /* Release */,
			);
			defaultConfigurationIsVisible = 0;
			defaultConfigurationName = Release;
		};
		8C5C4F87219BB473003E4C02 /* Build configuration list for PBXNativeTarget "Evacuate" */ = {
			isa = XCConfigurationList;
			buildConfigurations = (
				8C5C4F88219BB473003E4C02 /* Debug */,
				8C5C4F89219BB473003E4C02 /* Release */,
			);
			defaultConfigurationIsVisible = 0;
			defaultConfigurationName = Release;
		};
		8C5C4F8A219BB473003E4C02 /* Build configuration list for PBXNativeTarget "EvacuateTests" */ = {
			isa = XCConfigurationList;
			buildConfigurations = (
				8C5C4F8B219BB473003E4C02 /* Debug */,
				8C5C4F8C219BB473003E4C02 /* Release */,
			);
			defaultConfigurationIsVisible = 0;
			defaultConfigurationName = Release;
		};
		8C5C4F8D219BB473003E4C02 /* Build configuration list for PBXNativeTarget "EvacuateUITests" */ = {
			isa = XCConfigurationList;
			buildConfigurations = (
				8C5C4F8E219BB473003E4C02 /* Debug */,
				8C5C4F8F219BB473003E4C02 /* Release */,
			);
			defaultConfigurationIsVisible = 0;
			defaultConfigurationName = Release;
		};
/* End XCConfigurationList section */

/* Begin XCVersionGroup section */
		8C5C4F66219BB471003E4C02 /* Evacuate.xcdatamodeld */ = {
			isa = XCVersionGroup;
			children = (
				8C5C4F67219BB471003E4C02 /* Evacuate.xcdatamodel */,
			);
			currentVersion = 8C5C4F67219BB471003E4C02 /* Evacuate.xcdatamodel */;
			path = Evacuate.xcdatamodeld;
			sourceTree = "<group>";
			versionGroupType = wrapper.xcdatamodel;
		};
/* End XCVersionGroup section */
	};
	rootObject = 8C5C4F54219BB470003E4C02 /* Project object */;
}
